
Microsoft Visual Studio Solution File, Format Version 12.00
# Visual Studio Version 16
VisualStudioVersion = 16.0.30309.148
MinimumVisualStudioVersion = 10.0.40219.1
Project("{FAE04EC0-301F-11D3-BF4B-00C04F79EFBC}") = "Random Divisible Modulus", "Random Divisible Modulus.csproj", "{75BFB218-AA9E-4BC9-AC19-59BC0111B021}"
EndProject
Global
	GlobalSection(SolutionConfigurationPlatforms) = preSolution
		Debug|Any CPU = Debug|Any CPU
		Release|Any CPU = Release|Any CPU
	EndGlobalSection
	GlobalSection(ProjectConfigurationPlatforms) = postSolution
		{75BFB218-AA9E-4BC9-AC19-59BC0111B021}.Debug|Any CPU.ActiveCfg = Debug|Any CPU
		{75BFB218-AA9E-4BC9-AC19-59BC0111B021}.Debug|Any CPU.Build.0 = Debug|Any CPU
		{75BFB218-AA9E-4BC9-AC19-59BC0111B021}.Release|Any CPU.ActiveCfg = Release|Any CPU
		{75BFB218-AA9E-4BC9-AC19-59BC0111B021}.Release|Any CPU.Build.0 = Release|Any CPU
	EndGlobalSection
	GlobalSection(SolutionProperties) = preSolution
		HideSolutionNode = FALSE
	EndGlobalSection
	GlobalSection(ExtensibilityGlobals) = postSolution
		SolutionGuid = {D8C8673E-195D-4C20-ADC4-5C4AA1410ED1}
	EndGlobalSection
EndGlobal
